// !$*UTF8*$!
{
	archiveVersion = 1;
	classes = {
	};
	objectVersion = 46;
	objects = {

/* Begin PBXBuildFile section */
		B69D9F271DA3EA63008902D3 /* AppDelegate.swift in Sources */ = {isa = PBXBuildFile; fileRef = B69D9F261DA3EA63008902D3 /* AppDelegate.swift */; };
		B69D9F291DA3EA63008902D3 /* GameScene.sks in Resources */ = {isa = PBXBuildFile; fileRef = B69D9F281DA3EA63008902D3 /* GameScene.sks */; };
		B69D9F2B1DA3EA63008902D3 /* GameScene.swift in Sources */ = {isa = PBXBuildFile; fileRef = B69D9F2A1DA3EA63008902D3 /* GameScene.swift */; };
		B69D9F2D1DA3EA63008902D3 /* GameViewController.swift in Sources */ = {isa = PBXBuildFile; fileRef = B69D9F2C1DA3EA63008902D3 /* GameViewController.swift */; };
		B69D9F301DA3EA63008902D3 /* Main.storyboard in Resources */ = {isa = PBXBuildFile; fileRef = B69D9F2E1DA3EA63008902D3 /* Main.storyboard */; };
		B69D9F321DA3EA63008902D3 /* Assets.xcassets in Resources */ = {isa = PBXBuildFile; fileRef = B69D9F311DA3EA63008902D3 /* Assets.xcassets */; };
		B69D9F351DA3EA63008902D3 /* LaunchScreen.storyboard in Resources */ = {isa = PBXBuildFile; fileRef = B69D9F331DA3EA63008902D3 /* LaunchScreen.storyboard */; };
		B69D9F421DA3EAC9008902D3 /* coin.wav in Resources */ = {isa = PBXBuildFile; fileRef = B69D9F3D1DA3EAC9008902D3 /* coin.wav */; };
		B69D9F431DA3EAC9008902D3 /* explosion.wav in Resources */ = {isa = PBXBuildFile; fileRef = B69D9F3E1DA3EAC9008902D3 /* explosion.wav */; };
		B69D9F441DA3EAC9008902D3 /* music.m4a in Resources */ = {isa = PBXBuildFile; fileRef = B69D9F3F1DA3EAC9008902D3 /* music.m4a */; };
		B69D9F451DA3EAC9008902D3 /* PlayerExplosion.sks in Resources */ = {isa = PBXBuildFile; fileRef = B69D9F401DA3EAC9008902D3 /* PlayerExplosion.sks */; };
		B69D9F461DA3EAC9008902D3 /* spark.png in Resources */ = {isa = PBXBuildFile; fileRef = B69D9F411DA3EAC9008902D3 /* spark.png */; };
/* End PBXBuildFile section */

/* Begin PBXFileReference section */
		B69D9F231DA3EA63008902D3 /* Project36-CrashyPlanes.app */ = {isa = PBXFileReference; explicitFileType = wrapper.application; includeInIndex = 0; path = "Project36-CrashyPlanes.app"; sourceTree = BUILT_PRODUCTS_DIR; };
		B69D9F261DA3EA63008902D3 /* AppDelegate.swift */ = {isa = PBXFileReference; lastKnownFileType = sourcecode.swift; path = AppDelegate.swift; sourceTree = "<group>"; };
		B69D9F281DA3EA63008902D3 /* GameScene.sks */ = {isa = PBXFileReference; lastKnownFileType = file.sks; path = GameScene.sks; sourceTree = "<group>"; };
		B69D9F2A1DA3EA63008902D3 /* GameScene.swift */ = {isa = PBXFileReference; lastKnownFileType = sourcecode.swift; path = GameScene.swift; sourceTree = "<group>"; };
		B69D9F2C1DA3EA63008902D3 /* GameViewController.swift */ = {isa = PBXFileReference; lastKnownFileType = sourcecode.swift; path = GameViewController.swift; sourceTree = "<group>"; };
		B69D9F2F1DA3EA63008902D3 /* Base */ = {isa = PBXFileReference; lastKnownFileType = file.storyboard; name = Base; path = Base.lproj/Main.storyboard; sourceTree = "<group>"; };
		B69D9F311DA3EA63008902D3 /* Assets.xcassets */ = {isa = PBXFileReference; lastKnownFileType = folder.assetcatalog; path = Assets.xcassets; sourceTree = "<group>"; };
		B69D9F341DA3EA63008902D3 /* Base */ = {isa = PBXFileReference; lastKnownFileType = file.storyboard; name = Base; path = Base.lproj/LaunchScreen.storyboard; sourceTree = "<group>"; };
		B69D9F361DA3EA63008902D3 /* Info.plist */ = {isa = PBXFileReference; lastKnownFileType = text.plist.xml; path = Info.plist; sourceTree = "<group>"; };
		B69D9F3D1DA3EAC9008902D3 /* coin.wav */ = {isa = PBXFileReference; lastKnownFileType = audio.wav; path = coin.wav; sourceTree = "<group>"; };
		B69D9F3E1DA3EAC9008902D3 /* explosion.wav */ = {isa = PBXFileReference; lastKnownFileType = audio.wav; path = explosion.wav; sourceTree = "<group>"; };
		B69D9F3F1DA3EAC9008902D3 /* music.m4a */ = {isa = PBXFileReference; lastKnownFileType = file; path = music.m4a; sourceTree = "<group>"; };
		B69D9F401DA3EAC9008902D3 /* PlayerExplosion.sks */ = {isa = PBXFileReference; lastKnownFileType = file.sks; path = PlayerExplosion.sks; sourceTree = "<group>"; };
		B69D9F411DA3EAC9008902D3 /* spark.png */ = {isa = PBXFileReference; lastKnownFileType = image.png; path = spark.png; sourceTree = "<group>"; };
/* End PBXFileReference section */

/* Begin PBXFrameworksBuildPhase section */
		B69D9F201DA3EA63008902D3 /* Frameworks */ = {
			isa = PBXFrameworksBuildPhase;
			buildActionMask = 2147483647;
			files = (
			);
			runOnlyForDeploymentPostprocessing = 0;
		};
/* End PBXFrameworksBuildPhase section */

/* Begin PBXGroup section */
		B69D9F1A1DA3EA63008902D3 = {
			isa = PBXGroup;
			children = (
				B69D9F251DA3EA63008902D3 /* Project36-CrashyPlanes */,
				B69D9F241DA3EA63008902D3 /* Products */,
			);
			sourceTree = "<group>";
		};
		B69D9F241DA3EA63008902D3 /* Products */ = {
			isa = PBXGroup;
			children = (
				B69D9F231DA3EA63008902D3 /* Project36-CrashyPlanes.app */,
			);
			name = Products;
			sourceTree = "<group>";
		};
		B69D9F251DA3EA63008902D3 /* Project36-CrashyPlanes */ = {
			isa = PBXGroup;
			children = (
				B69D9F3C1DA3EAA9008902D3 /* Contents */,
				B69D9F261DA3EA63008902D3 /* AppDelegate.swift */,
				B69D9F281DA3EA63008902D3 /* GameScene.sks */,
				B69D9F2A1DA3EA63008902D3 /* GameScene.swift */,
				B69D9F2C1DA3EA63008902D3 /* GameViewController.swift */,
				B69D9F2E1DA3EA63008902D3 /* Main.storyboard */,
				B69D9F311DA3EA63008902D3 /* Assets.xcassets */,
				B69D9F331DA3EA63008902D3 /* LaunchScreen.storyboard */,
				B69D9F361DA3EA63008902D3 /* Info.plist */,
			);
			path = "Project36-CrashyPlanes";
			sourceTree = "<group>";
		};
		B69D9F3C1DA3EAA9008902D3 /* Contents */ = {
			isa = PBXGroup;
			children = (
				B69D9F3D1DA3EAC9008902D3 /* coin.wav */,
				B69D9F3E1DA3EAC9008902D3 /* explosion.wav */,
				B69D9F3F1DA3EAC9008902D3 /* music.m4a */,
				B69D9F401DA3EAC9008902D3 /* PlayerExplosion.sks */,
				B69D9F411DA3EAC9008902D3 /* spark.png */,
			);
			name = Contents;
			sourceTree = "<group>";
		};
/* End PBXGroup section */

/* Begin PBXNativeTarget section */
		B69D9F221DA3EA63008902D3 /* Project36-CrashyPlanes */ = {
			isa = PBXNativeTarget;
			buildConfigurationList = B69D9F391DA3EA63008902D3 /* Build configuration list for PBXNativeTarget "Project36-CrashyPlanes" */;
			buildPhases = (
				B69D9F1F1DA3EA63008902D3 /* Sources */,
				B69D9F201DA3EA63008902D3 /* Frameworks */,
				B69D9F211DA3EA63008902D3 /* Resources */,
			);
			buildRules = (
			);
			dependencies = (
			);
			name = "Project36-CrashyPlanes";
			productName = "Project36-CrashyPlanes";
			productReference = B69D9F231DA3EA63008902D3 /* Project36-CrashyPlanes.app */;
			productType = "com.apple.product-type.application";
		};
/* End PBXNativeTarget section */

/* Begin PBXProject section */
		B69D9F1B1DA3EA63008902D3 /* Project object */ = {
			isa = PBXProject;
			attributes = {
				LastSwiftUpdateCheck = 0730;
				LastUpgradeCheck = 0730;
				ORGANIZATIONNAME = "Catalin David";
				TargetAttributes = {
					B69D9F221DA3EA63008902D3 = {
						CreatedOnToolsVersion = 7.3.1;
						DevelopmentTeam = 872C7TWV9H;
					};
				};
			};
			buildConfigurationList = B69D9F1E1DA3EA63008902D3 /* Build configuration list for PBXProject "Project36-CrashyPlanes" */;
			compatibilityVersion = "Xcode 3.2";
			developmentRegion = English;
			hasScannedForEncodings = 0;
			knownRegions = (
				en,
				Base,
			);
			mainGroup = B69D9F1A1DA3EA63008902D3;
			productRefGroup = B69D9F241DA3EA63008902D3 /* Products */;
			projectDirPath = "";
			projectRoot = "";
			targets = (
				B69D9F221DA3EA63008902D3 /* Project36-CrashyPlanes */,
			);
		};
/* End PBXProject section */

/* Begin PBXResourcesBuildPhase section */
		B69D9F211DA3EA63008902D3 /* Resources */ = {
			isa = PBXResourcesBuildPhase;
			buildActionMask = 2147483647;
			files = (
				B69D9F451DA3EAC9008902D3 /* PlayerExplosion.sks in Resources */,
				B69D9F461DA3EAC9008902D3 /* spark.png in Resources */,
				B69D9F431DA3EAC9008902D3 /* explosion.wav in Resources */,
				B69D9F441DA3EAC9008902D3 /* music.m4a in Resources */,
				B69D9F421DA3EAC9008902D3 /* coin.wav in Resources */,
				B69D9F291DA3EA63008902D3 /* GameScene.sks in Resources */,
				B69D9F351DA3EA63008902D3 /* LaunchScreen.storyboard in Resources */,
				B69D9F321DA3EA63008902D3 /* Assets.xcassets in Resources */,
				B69D9F301DA3EA63008902D3 /* Main.storyboard in Resources */,
			);
			runOnlyForDeploymentPostprocessing = 0;
		};
/* End PBXResourcesBuildPhase section */

/* Begin PBXSourcesBuildPhase section */
		B69D9F1F1DA3EA63008902D3 /* Sources */ = {
			isa = PBXSourcesBuildPhase;
			buildActionMask = 2147483647;
			files = (
				B69D9F2B1DA3EA63008902D3 /* GameScene.swift in Sources */,
				B69D9F2D1DA3EA63008902D3 /* GameViewController.swift in Sources */,
				B69D9F271DA3EA63008902D3 /* AppDelegate.swift in Sources */,
			);
			runOnlyForDeploymentPostprocessing = 0;
		};
/* End PBXSourcesBuildPhase section */

/* Begin PBXVariantGroup section */
		B69D9F2E1DA3EA63008902D3 /* Main.storyboard */ = {
			isa = PBXVariantGroup;
			children = (
				B69D9F2F1DA3EA63008902D3 /* Base */,
			);
			name = Main.storyboard;
			sourceTree = "<group>";
		};
		B69D9F331DA3EA63008902D3 /* LaunchScreen.storyboard */ = {
			isa = PBXVariantGroup;
			children = (
				B69D9F341DA3EA63008902D3 /* Base */,
			);
			name = LaunchScreen.storyboard;
			sourceTree = "<group>";
		};
/* End PBXVariantGroup section */

/* Begin XCBuildConfiguration section */
		B69D9F371DA3EA63008902D3 /* Debug */ = {
			isa = XCBuildConfiguration;
			buildSettings = {
				ALWAYS_SEARCH_USER_PATHS = NO;
				CLANG_ANALYZER_NONNULL = YES;
				CLANG_CXX_LANGUAGE_STANDARD = "gnu++0x";
				CLANG_CXX_LIBRARY = "libc++";
				CLANG_ENABLE_MODULES = YES;
				CLANG_ENABLE_OBJC_ARC = YES;
				CLANG_WARN_BOOL_CONVERSION = YES;
				CLANG_WARN_CONSTANT_CONVERSION = YES;
				CLANG_WARN_DIRECT_OBJC_ISA_USAGE = YES_ERROR;
				CLANG_WARN_EMPTY_BODY = YES;
				CLANG_WARN_ENUM_CONVERSION = YES;
				CLANG_WARN_INT_CONVERSION = YES;
				CLANG_WARN_OBJC_ROOT_CLASS = YES_ERROR;
				CLANG_WARN_UNREACHABLE_CODE = YES;
				CLANG_WARN__DUPLICATE_METHOD_MATCH = YES;
				"CODE_SIGN_IDENTITY[sdk=iphoneos*]" = "iPhone Developer";
				COPY_PHASE_STRIP = NO;
				DEBUG_INFORMATION_FORMAT = "dwarf-with-dsym";
				ENABLE_STRICT_OBJC_MSGSEND = YES;
				ENABLE_TESTABILITY = YES;
				GCC_C_LANGUAGE_STANDARD = gnu99;
				GCC_DYNAMIC_NO_PIC = NO;
				GCC_NO_COMMON_BLOCKS = YES;
				GCC_OPTIMIZATION_LEVEL = 0;
				GCC_PREPROCESSOR_DEFINITIONS = (
					"DEBUG=1",
					"$(inherited)",
				);
				GCC_WARN_64_TO_32_BIT_CONVERSION = YES;
				GCC_WARN_ABOUT_RETURN_TYPE = YES_ERROR;
				GCC_WARN_UNDECLARED_SELECTOR = YES;
				GCC_WARN_UNINITIALIZED_AUTOS = YES_AGGRESSIVE;
				GCC_WARN_UNUSED_FUNCTION = YES;
				GCC_WARN_UNUSED_VARIABLE = YES;
				IPHONEOS_DEPLOYMENT_TARGET = 9.3;
				MTL_ENABLE_DEBUG_INFO = YES;
				ONLY_ACTIVE_ARCH = YES;
				SDKROOT = iphoneos;
				SWIFT_OPTIMIZATION_LEVEL = "-Onone";
			};
			name = Debug;
		};
		B69D9F381DA3EA63008902D3 /* Release */ = {
			isa = XCBuildConfiguration;
			buildSettings = {
				ALWAYS_SEARCH_USER_PATHS = NO;
				CLANG_ANALYZER_NONNULL = YES;
				CLANG_CXX_LANGUAGE_STANDARD = "gnu++0x";
				CLANG_CXX_LIBRARY = "libc++";
				CLANG_ENABLE_MODULES = YES;
				CLANG_ENABLE_OBJC_ARC = YES;
				CLANG_WARN_BOOL_CONVERSION = YES;
				CLANG_WARN_CONSTANT_CONVERSION = YES;
				CLANG_WARN_DIRECT_OBJC_ISA_USAGE = YES_ERROR;
				CLANG_WARN_EMPTY_BODY = YES;
				CLANG_WARN_ENUM_CONVERSION = YES;
				CLANG_WARN_INT_CONVERSION = YES;
				CLANG_WARN_OBJC_ROOT_CLASS = YES_ERROR;
				CLANG_WARN_UNREACHABLE_CODE = YES;
				CLANG_WARN__DUPLICATE_METHOD_MATCH = YES;
				"CODE_SIGN_IDENTITY[sdk=iphoneos*]" = "iPhone Developer";
				COPY_PHASE_STRIP = NO;
				DEBUG_INFORMATION_FORMAT = "dwarf-with-dsym";
				ENABLE_NS_ASSERTIONS = NO;
				ENABLE_STRICT_OBJC_MSGSEND = YES;
				GCC_C_LANGUAGE_STANDARD = gnu99;
				GCC_NO_COMMON_BLOCKS = YES;
				GCC_WARN_64_TO_32_BIT_CONVERSION = YES;
				GCC_WARN_ABOUT_RETURN_TYPE = YES_ERROR;
				GCC_WARN_UNDECLARED_SELECTOR = YES;
				GCC_WARN_UNINITIALIZED_AUTOS = YES_AGGRESSIVE;
				GCC_WARN_UNUSED_FUNCTION = YES;
				GCC_WARN_UNUSED_VARIABLE = YES;
				IPHONEOS_DEPLOYMENT_TARGET = 9.3;
				MTL_ENABLE_DEBUG_INFO = NO;
				SDKROOT = iphoneos;
				VALIDATE_PRODUCT = YES;
			};
			name = Release;
		};
		B69D9F3A1DA3EA63008902D3 /* Debug */ = {
			isa = XCBuildConfiguration;
			buildSettings = {
				ASSETCATALOG_COMPILER_APPICON_NAME = AppIcon;
				CODE_SIGN_IDENTITY = "iPhone Developer";
				INFOPLIST_FILE = "Project36-CrashyPlanes/Info.plist";
				IPHONEOS_DEPLOYMENT_TARGET = 9.3;
				LD_RUNPATH_SEARCH_PATHS = "$(inherited) @executable_path/Frameworks";
				PRODUCT_BUNDLE_IDENTIFIER = "com.svhackingwithswift.Project36-CrashyPlanes";
				PRODUCT_NAME = "$(TARGET_NAME)";
			};
			name = Debug;
		};
		B69D9F3B1DA3EA63008902D3 /* Release */ = {
			isa = XCBuildConfiguration;
			buildSettings = {
				ASSETCATALOG_COMPILER_APPICON_NAME = AppIcon;
				CODE_SIGN_IDENTITY = "iPhone Developer";
				INFOPLIST_FILE = "Project36-CrashyPlanes/Info.plist";
				IPHONEOS_DEPLOYMENT_TARGET = 9.3;
				LD_RUNPATH_SEARCH_PATHS = "$(inherited) @executable_path/Frameworks";
				PRODUCT_BUNDLE_IDENTIFIER = "com.svhackingwithswift.Project36-CrashyPlanes";
				PRODUCT_NAME = "$(TARGET_NAME)";
			};
			name = Release;
		};
/* End XCBuildConfiguration section */

/* Begin XCConfigurationList section */
		B69D9F1E1DA3EA63008902D3 /* Build configuration list for PBXProject "Project36-CrashyPlanes" */ = {
			isa = XCConfigurationList;
			buildConfigurations = (
				B69D9F371DA3EA63008902D3 /* Debug */,
				B69D9F381DA3EA63008902D3 /* Release */,
			);
			defaultConfigurationIsVisible = 0;
			defaultConfigurationName = Release;
		};
		B69D9F391DA3EA63008902D3 /* Build configuration list for PBXNativeTarget "Project36-CrashyPlanes" */ = {
			isa = XCConfigurationList;
			buildConfigurations = (
				B69D9F3A1DA3EA63008902D3 /* Debug */,
				B69D9F3B1DA3EA63008902D3 /* Release */,
			);
			defaultConfigurationIsVisible = 0;
		};
/* End XCConfigurationList section */
	};
	rootObject = B69D9F1B1DA3EA63008902D3 /* Project object */;
}
