// !$*UTF8*$!
{
	archiveVersion = 1;
	classes = {
	};
	objectVersion = 46;
	objects = {

/* Begin PBXBuildFile section */
		B61206801D7717FA002F9591 /* AppDelegate.swift in Sources */ = {isa = PBXBuildFile; fileRef = B612067F1D7717FA002F9591 /* AppDelegate.swift */; };
		B61206821D7717FA002F9591 /* ViewController.swift in Sources */ = {isa = PBXBuildFile; fileRef = B61206811D7717FA002F9591 /* ViewController.swift */; };
		B61206851D7717FA002F9591 /* Main.storyboard in Resources */ = {isa = PBXBuildFile; fileRef = B61206831D7717FA002F9591 /* Main.storyboard */; };
		B61206871D7717FA002F9591 /* Assets.xcassets in Resources */ = {isa = PBXBuildFile; fileRef = B61206861D7717FA002F9591 /* Assets.xcassets */; };
		B612068A1D7717FA002F9591 /* LaunchScreen.storyboard in Resources */ = {isa = PBXBuildFile; fileRef = B61206881D7717FA002F9591 /* LaunchScreen.storyboard */; };
/* End PBXBuildFile section */

/* Begin PBXFileReference section */
		B612067C1D7717FA002F9591 /* Project18- iAd.app */ = {isa = PBXFileReference; explicitFileType = wrapper.application; includeInIndex = 0; path = "Project18- iAd.app"; sourceTree = BUILT_PRODUCTS_DIR; };
		B612067F1D7717FA002F9591 /* AppDelegate.swift */ = {isa = PBXFileReference; lastKnownFileType = sourcecode.swift; path = AppDelegate.swift; sourceTree = "<group>"; };
		B61206811D7717FA002F9591 /* ViewController.swift */ = {isa = PBXFileReference; lastKnownFileType = sourcecode.swift; path = ViewController.swift; sourceTree = "<group>"; };
		B61206841D7717FA002F9591 /* Base */ = {isa = PBXFileReference; lastKnownFileType = file.storyboard; name = Base; path = Base.lproj/Main.storyboard; sourceTree = "<group>"; };
		B61206861D7717FA002F9591 /* Assets.xcassets */ = {isa = PBXFileReference; lastKnownFileType = folder.assetcatalog; path = Assets.xcassets; sourceTree = "<group>"; };
		B61206891D7717FA002F9591 /* Base */ = {isa = PBXFileReference; lastKnownFileType = file.storyboard; name = Base; path = Base.lproj/LaunchScreen.storyboard; sourceTree = "<group>"; };
		B612068B1D7717FA002F9591 /* Info.plist */ = {isa = PBXFileReference; lastKnownFileType = text.plist.xml; path = Info.plist; sourceTree = "<group>"; };
/* End PBXFileReference section */

/* Begin PBXFrameworksBuildPhase section */
		B61206791D7717FA002F9591 /* Frameworks */ = {
			isa = PBXFrameworksBuildPhase;
			buildActionMask = 2147483647;
			files = (
			);
			runOnlyForDeploymentPostprocessing = 0;
		};
/* End PBXFrameworksBuildPhase section */

/* Begin PBXGroup section */
		B61206731D7717FA002F9591 = {
			isa = PBXGroup;
			children = (
				B612067E1D7717FA002F9591 /* Project18- iAd */,
				B612067D1D7717FA002F9591 /* Products */,
			);
			sourceTree = "<group>";
		};
		B612067D1D7717FA002F9591 /* Products */ = {
			isa = PBXGroup;
			children = (
				B612067C1D7717FA002F9591 /* Project18- iAd.app */,
			);
			name = Products;
			sourceTree = "<group>";
		};
		B612067E1D7717FA002F9591 /* Project18- iAd */ = {
			isa = PBXGroup;
			children = (
				B612067F1D7717FA002F9591 /* AppDelegate.swift */,
				B61206811D7717FA002F9591 /* ViewController.swift */,
				B61206831D7717FA002F9591 /* Main.storyboard */,
				B61206861D7717FA002F9591 /* Assets.xcassets */,
				B61206881D7717FA002F9591 /* LaunchScreen.storyboard */,
				B612068B1D7717FA002F9591 /* Info.plist */,
			);
			path = "Project18- iAd";
			sourceTree = "<group>";
		};
/* End PBXGroup section */

/* Begin PBXNativeTarget section */
		B612067B1D7717FA002F9591 /* Project18- iAd */ = {
			isa = PBXNativeTarget;
			buildConfigurationList = B612068E1D7717FA002F9591 /* Build configuration list for PBXNativeTarget "Project18- iAd" */;
			buildPhases = (
				B61206781D7717FA002F9591 /* Sources */,
				B61206791D7717FA002F9591 /* Frameworks */,
				B612067A1D7717FA002F9591 /* Resources */,
			);
			buildRules = (
			);
			dependencies = (
			);
			name = "Project18- iAd";
			productName = "Project18- iAd";
			productReference = B612067C1D7717FA002F9591 /* Project18- iAd.app */;
			productType = "com.apple.product-type.application";
		};
/* End PBXNativeTarget section */

/* Begin PBXProject section */
		B61206741D7717FA002F9591 /* Project object */ = {
			isa = PBXProject;
			attributes = {
				LastSwiftUpdateCheck = 0730;
				LastUpgradeCheck = 0730;
				ORGANIZATIONNAME = "Catalin David";
				TargetAttributes = {
					B612067B1D7717FA002F9591 = {
						CreatedOnToolsVersion = 7.3.1;
					};
				};
			};
			buildConfigurationList = B61206771D7717FA002F9591 /* Build configuration list for PBXProject "Project18- iAd" */;
			compatibilityVersion = "Xcode 3.2";
			developmentRegion = English;
			hasScannedForEncodings = 0;
			knownRegions = (
				en,
				Base,
			);
			mainGroup = B61206731D7717FA002F9591;
			productRefGroup = B612067D1D7717FA002F9591 /* Products */;
			projectDirPath = "";
			projectRoot = "";
			targets = (
				B612067B1D7717FA002F9591 /* Project18- iAd */,
			);
		};
/* End PBXProject section */

/* Begin PBXResourcesBuildPhase section */
		B612067A1D7717FA002F9591 /* Resources */ = {
			isa = PBXResourcesBuildPhase;
			buildActionMask = 2147483647;
			files = (
				B612068A1D7717FA002F9591 /* LaunchScreen.storyboard in Resources */,
				B61206871D7717FA002F9591 /* Assets.xcassets in Resources */,
				B61206851D7717FA002F9591 /* Main.storyboard in Resources */,
			);
			runOnlyForDeploymentPostprocessing = 0;
		};
/* End PBXResourcesBuildPhase section */

/* Begin PBXSourcesBuildPhase section */
		B61206781D7717FA002F9591 /* Sources */ = {
			isa = PBXSourcesBuildPhase;
			buildActionMask = 2147483647;
			files = (
				B61206821D7717FA002F9591 /* ViewController.swift in Sources */,
				B61206801D7717FA002F9591 /* AppDelegate.swift in Sources */,
			);
			runOnlyForDeploymentPostprocessing = 0;
		};
/* End PBXSourcesBuildPhase section */

/* Begin PBXVariantGroup section */
		B61206831D7717FA002F9591 /* Main.storyboard */ = {
			isa = PBXVariantGroup;
			children = (
				B61206841D7717FA002F9591 /* Base */,
			);
			name = Main.storyboard;
			sourceTree = "<group>";
		};
		B61206881D7717FA002F9591 /* LaunchScreen.storyboard */ = {
			isa = PBXVariantGroup;
			children = (
				B61206891D7717FA002F9591 /* Base */,
			);
			name = LaunchScreen.storyboard;
			sourceTree = "<group>";
		};
/* End PBXVariantGroup section */

/* Begin XCBuildConfiguration section */
		B612068C1D7717FA002F9591 /* Debug */ = {
			isa = XCBuildConfiguration;
			buildSettings = {
				ALWAYS_SEARCH_USER_PATHS = NO;
				CLANG_ANALYZER_NONNULL = YES;
				CLANG_CXX_LANGUAGE_STANDARD = "gnu++0x";
				CLANG_CXX_LIBRARY = "libc++";
				CLANG_ENABLE_MODULES = YES;
				CLANG_ENABLE_OBJC_ARC = YES;
				CLANG_WARN_BOOL_CONVERSION = YES;
				CLANG_WARN_CONSTANT_CONVERSION = YES;
				CLANG_WARN_DIRECT_OBJC_ISA_USAGE = YES_ERROR;
				CLANG_WARN_EMPTY_BODY = YES;
				CLANG_WARN_ENUM_CONVERSION = YES;
				CLANG_WARN_INT_CONVERSION = YES;
				CLANG_WARN_OBJC_ROOT_CLASS = YES_ERROR;
				CLANG_WARN_UNREACHABLE_CODE = YES;
				CLANG_WARN__DUPLICATE_METHOD_MATCH = YES;
				"CODE_SIGN_IDENTITY[sdk=iphoneos*]" = "iPhone Developer";
				COPY_PHASE_STRIP = NO;
				DEBUG_INFORMATION_FORMAT = dwarf;
				ENABLE_STRICT_OBJC_MSGSEND = YES;
				ENABLE_TESTABILITY = YES;
				GCC_C_LANGUAGE_STANDARD = gnu99;
				GCC_DYNAMIC_NO_PIC = NO;
				GCC_NO_COMMON_BLOCKS = YES;
				GCC_OPTIMIZATION_LEVEL = 0;
				GCC_PREPROCESSOR_DEFINITIONS = (
					"DEBUG=1",
					"$(inherited)",
				);
				GCC_WARN_64_TO_32_BIT_CONVERSION = YES;
				GCC_WARN_ABOUT_RETURN_TYPE = YES_ERROR;
				GCC_WARN_UNDECLARED_SELECTOR = YES;
				GCC_WARN_UNINITIALIZED_AUTOS = YES_AGGRESSIVE;
				GCC_WARN_UNUSED_FUNCTION = YES;
				GCC_WARN_UNUSED_VARIABLE = YES;
				IPHONEOS_DEPLOYMENT_TARGET = 9.3;
				MTL_ENABLE_DEBUG_INFO = YES;
				ONLY_ACTIVE_ARCH = YES;
				SDKROOT = iphoneos;
				SWIFT_OPTIMIZATION_LEVEL = "-Onone";
			};
			name = Debug;
		};
		B612068D1D7717FA002F9591 /* Release */ = {
			isa = XCBuildConfiguration;
			buildSettings = {
				ALWAYS_SEARCH_USER_PATHS = NO;
				CLANG_ANALYZER_NONNULL = YES;
				CLANG_CXX_LANGUAGE_STANDARD = "gnu++0x";
				CLANG_CXX_LIBRARY = "libc++";
				CLANG_ENABLE_MODULES = YES;
				CLANG_ENABLE_OBJC_ARC = YES;
				CLANG_WARN_BOOL_CONVERSION = YES;
				CLANG_WARN_CONSTANT_CONVERSION = YES;
				CLANG_WARN_DIRECT_OBJC_ISA_USAGE = YES_ERROR;
				CLANG_WARN_EMPTY_BODY = YES;
				CLANG_WARN_ENUM_CONVERSION = YES;
				CLANG_WARN_INT_CONVERSION = YES;
				CLANG_WARN_OBJC_ROOT_CLASS = YES_ERROR;
				CLANG_WARN_UNREACHABLE_CODE = YES;
				CLANG_WARN__DUPLICATE_METHOD_MATCH = YES;
				"CODE_SIGN_IDENTITY[sdk=iphoneos*]" = "iPhone Developer";
				COPY_PHASE_STRIP = NO;
				DEBUG_INFORMATION_FORMAT = "dwarf-with-dsym";
				ENABLE_NS_ASSERTIONS = NO;
				ENABLE_STRICT_OBJC_MSGSEND = YES;
				GCC_C_LANGUAGE_STANDARD = gnu99;
				GCC_NO_COMMON_BLOCKS = YES;
				GCC_WARN_64_TO_32_BIT_CONVERSION = YES;
				GCC_WARN_ABOUT_RETURN_TYPE = YES_ERROR;
				GCC_WARN_UNDECLARED_SELECTOR = YES;
				GCC_WARN_UNINITIALIZED_AUTOS = YES_AGGRESSIVE;
				GCC_WARN_UNUSED_FUNCTION = YES;
				GCC_WARN_UNUSED_VARIABLE = YES;
				IPHONEOS_DEPLOYMENT_TARGET = 9.3;
				MTL_ENABLE_DEBUG_INFO = NO;
				SDKROOT = iphoneos;
				VALIDATE_PRODUCT = YES;
			};
			name = Release;
		};
		B612068F1D7717FA002F9591 /* Debug */ = {
			isa = XCBuildConfiguration;
			buildSettings = {
				ASSETCATALOG_COMPILER_APPICON_NAME = AppIcon;
				INFOPLIST_FILE = "Project18- iAd/Info.plist";
				LD_RUNPATH_SEARCH_PATHS = "$(inherited) @executable_path/Frameworks";
				PRODUCT_BUNDLE_IDENTIFIER = "com.svhackingwithswift.Project18--iAd";
				PRODUCT_NAME = "$(TARGET_NAME)";
			};
			name = Debug;
		};
		B61206901D7717FA002F9591 /* Release */ = {
			isa = XCBuildConfiguration;
			buildSettings = {
				ASSETCATALOG_COMPILER_APPICON_NAME = AppIcon;
				INFOPLIST_FILE = "Project18- iAd/Info.plist";
				LD_RUNPATH_SEARCH_PATHS = "$(inherited) @executable_path/Frameworks";
				PRODUCT_BUNDLE_IDENTIFIER = "com.svhackingwithswift.Project18--iAd";
				PRODUCT_NAME = "$(TARGET_NAME)";
			};
			name = Release;
		};
/* End XCBuildConfiguration section */

/* Begin XCConfigurationList section */
		B61206771D7717FA002F9591 /* Build configuration list for PBXProject "Project18- iAd" */ = {
			isa = XCConfigurationList;
			buildConfigurations = (
				B612068C1D7717FA002F9591 /* Debug */,
				B612068D1D7717FA002F9591 /* Release */,
			);
			defaultConfigurationIsVisible = 0;
			defaultConfigurationName = Release;
		};
		B612068E1D7717FA002F9591 /* Build configuration list for PBXNativeTarget "Project18- iAd" */ = {
			isa = XCConfigurationList;
			buildConfigurations = (
				B612068F1D7717FA002F9591 /* Debug */,
				B61206901D7717FA002F9591 /* Release */,
			);
			defaultConfigurationIsVisible = 0;
		};
/* End XCConfigurationList section */
	};
	rootObject = B61206741D7717FA002F9591 /* Project object */;
}
