// !$*UTF8*$!
{
	archiveVersion = 1;
	classes = {
	};
	objectVersion = 46;
	objects = {

/* Begin PBXBuildFile section */
		B6577D291D9AAC00003E1C50 /* AppDelegate.swift in Sources */ = {isa = PBXBuildFile; fileRef = B6577D281D9AAC00003E1C50 /* AppDelegate.swift */; };
		B6577D2B1D9AAC00003E1C50 /* ViewController.swift in Sources */ = {isa = PBXBuildFile; fileRef = B6577D2A1D9AAC00003E1C50 /* ViewController.swift */; };
		B6577D2E1D9AAC00003E1C50 /* Main.storyboard in Resources */ = {isa = PBXBuildFile; fileRef = B6577D2C1D9AAC00003E1C50 /* Main.storyboard */; };
		B6577D301D9AAC00003E1C50 /* Assets.xcassets in Resources */ = {isa = PBXBuildFile; fileRef = B6577D2F1D9AAC00003E1C50 /* Assets.xcassets */; };
		B6577D331D9AAC00003E1C50 /* LaunchScreen.storyboard in Resources */ = {isa = PBXBuildFile; fileRef = B6577D311D9AAC00003E1C50 /* LaunchScreen.storyboard */; };
		B6577D3B1D9AB9AF003E1C50 /* KeychainWrapper.swift in Sources */ = {isa = PBXBuildFile; fileRef = B6577D3A1D9AB9AF003E1C50 /* KeychainWrapper.swift */; };
/* End PBXBuildFile section */

/* Begin PBXFileReference section */
		B6577D251D9AAC00003E1C50 /* Project28-keychain.app */ = {isa = PBXFileReference; explicitFileType = wrapper.application; includeInIndex = 0; path = "Project28-keychain.app"; sourceTree = BUILT_PRODUCTS_DIR; };
		B6577D281D9AAC00003E1C50 /* AppDelegate.swift */ = {isa = PBXFileReference; lastKnownFileType = sourcecode.swift; path = AppDelegate.swift; sourceTree = "<group>"; };
		B6577D2A1D9AAC00003E1C50 /* ViewController.swift */ = {isa = PBXFileReference; lastKnownFileType = sourcecode.swift; path = ViewController.swift; sourceTree = "<group>"; };
		B6577D2D1D9AAC00003E1C50 /* Base */ = {isa = PBXFileReference; lastKnownFileType = file.storyboard; name = Base; path = Base.lproj/Main.storyboard; sourceTree = "<group>"; };
		B6577D2F1D9AAC00003E1C50 /* Assets.xcassets */ = {isa = PBXFileReference; lastKnownFileType = folder.assetcatalog; path = Assets.xcassets; sourceTree = "<group>"; };
		B6577D321D9AAC00003E1C50 /* Base */ = {isa = PBXFileReference; lastKnownFileType = file.storyboard; name = Base; path = Base.lproj/LaunchScreen.storyboard; sourceTree = "<group>"; };
		B6577D341D9AAC00003E1C50 /* Info.plist */ = {isa = PBXFileReference; lastKnownFileType = text.plist.xml; path = Info.plist; sourceTree = "<group>"; };
		B6577D3A1D9AB9AF003E1C50 /* KeychainWrapper.swift */ = {isa = PBXFileReference; fileEncoding = 4; lastKnownFileType = sourcecode.swift; path = KeychainWrapper.swift; sourceTree = "<group>"; };
/* End PBXFileReference section */

/* Begin PBXFrameworksBuildPhase section */
		B6577D221D9AAC00003E1C50 /* Frameworks */ = {
			isa = PBXFrameworksBuildPhase;
			buildActionMask = 2147483647;
			files = (
			);
			runOnlyForDeploymentPostprocessing = 0;
		};
/* End PBXFrameworksBuildPhase section */

/* Begin PBXGroup section */
		B6577D1C1D9AAC00003E1C50 = {
			isa = PBXGroup;
			children = (
				B6577D271D9AAC00003E1C50 /* Project28-keychain */,
				B6577D261D9AAC00003E1C50 /* Products */,
			);
			sourceTree = "<group>";
		};
		B6577D261D9AAC00003E1C50 /* Products */ = {
			isa = PBXGroup;
			children = (
				B6577D251D9AAC00003E1C50 /* Project28-keychain.app */,
			);
			name = Products;
			sourceTree = "<group>";
		};
		B6577D271D9AAC00003E1C50 /* Project28-keychain */ = {
			isa = PBXGroup;
			children = (
				B6577D281D9AAC00003E1C50 /* AppDelegate.swift */,
				B6577D2A1D9AAC00003E1C50 /* ViewController.swift */,
				B6577D2C1D9AAC00003E1C50 /* Main.storyboard */,
				B6577D2F1D9AAC00003E1C50 /* Assets.xcassets */,
				B6577D311D9AAC00003E1C50 /* LaunchScreen.storyboard */,
				B6577D3A1D9AB9AF003E1C50 /* KeychainWrapper.swift */,
				B6577D341D9AAC00003E1C50 /* Info.plist */,
			);
			path = "Project28-keychain";
			sourceTree = "<group>";
		};
/* End PBXGroup section */

/* Begin PBXNativeTarget section */
		B6577D241D9AAC00003E1C50 /* Project28-keychain */ = {
			isa = PBXNativeTarget;
			buildConfigurationList = B6577D371D9AAC00003E1C50 /* Build configuration list for PBXNativeTarget "Project28-keychain" */;
			buildPhases = (
				B6577D211D9AAC00003E1C50 /* Sources */,
				B6577D221D9AAC00003E1C50 /* Frameworks */,
				B6577D231D9AAC00003E1C50 /* Resources */,
			);
			buildRules = (
			);
			dependencies = (
			);
			name = "Project28-keychain";
			productName = "Project28-keychain";
			productReference = B6577D251D9AAC00003E1C50 /* Project28-keychain.app */;
			productType = "com.apple.product-type.application";
		};
/* End PBXNativeTarget section */

/* Begin PBXProject section */
		B6577D1D1D9AAC00003E1C50 /* Project object */ = {
			isa = PBXProject;
			attributes = {
				LastSwiftUpdateCheck = 0730;
				LastUpgradeCheck = 0730;
				ORGANIZATIONNAME = "Catalin David";
				TargetAttributes = {
					B6577D241D9AAC00003E1C50 = {
						CreatedOnToolsVersion = 7.3.1;
					};
				};
			};
			buildConfigurationList = B6577D201D9AAC00003E1C50 /* Build configuration list for PBXProject "Project28-keychain" */;
			compatibilityVersion = "Xcode 3.2";
			developmentRegion = English;
			hasScannedForEncodings = 0;
			knownRegions = (
				en,
				Base,
			);
			mainGroup = B6577D1C1D9AAC00003E1C50;
			productRefGroup = B6577D261D9AAC00003E1C50 /* Products */;
			projectDirPath = "";
			projectRoot = "";
			targets = (
				B6577D241D9AAC00003E1C50 /* Project28-keychain */,
			);
		};
/* End PBXProject section */

/* Begin PBXResourcesBuildPhase section */
		B6577D231D9AAC00003E1C50 /* Resources */ = {
			isa = PBXResourcesBuildPhase;
			buildActionMask = 2147483647;
			files = (
				B6577D331D9AAC00003E1C50 /* LaunchScreen.storyboard in Resources */,
				B6577D301D9AAC00003E1C50 /* Assets.xcassets in Resources */,
				B6577D2E1D9AAC00003E1C50 /* Main.storyboard in Resources */,
			);
			runOnlyForDeploymentPostprocessing = 0;
		};
/* End PBXResourcesBuildPhase section */

/* Begin PBXSourcesBuildPhase section */
		B6577D211D9AAC00003E1C50 /* Sources */ = {
			isa = PBXSourcesBuildPhase;
			buildActionMask = 2147483647;
			files = (
				B6577D3B1D9AB9AF003E1C50 /* KeychainWrapper.swift in Sources */,
				B6577D2B1D9AAC00003E1C50 /* ViewController.swift in Sources */,
				B6577D291D9AAC00003E1C50 /* AppDelegate.swift in Sources */,
			);
			runOnlyForDeploymentPostprocessing = 0;
		};
/* End PBXSourcesBuildPhase section */

/* Begin PBXVariantGroup section */
		B6577D2C1D9AAC00003E1C50 /* Main.storyboard */ = {
			isa = PBXVariantGroup;
			children = (
				B6577D2D1D9AAC00003E1C50 /* Base */,
			);
			name = Main.storyboard;
			sourceTree = "<group>";
		};
		B6577D311D9AAC00003E1C50 /* LaunchScreen.storyboard */ = {
			isa = PBXVariantGroup;
			children = (
				B6577D321D9AAC00003E1C50 /* Base */,
			);
			name = LaunchScreen.storyboard;
			sourceTree = "<group>";
		};
/* End PBXVariantGroup section */

/* Begin XCBuildConfiguration section */
		B6577D351D9AAC00003E1C50 /* Debug */ = {
			isa = XCBuildConfiguration;
			buildSettings = {
				ALWAYS_SEARCH_USER_PATHS = NO;
				CLANG_ANALYZER_NONNULL = YES;
				CLANG_CXX_LANGUAGE_STANDARD = "gnu++0x";
				CLANG_CXX_LIBRARY = "libc++";
				CLANG_ENABLE_MODULES = YES;
				CLANG_ENABLE_OBJC_ARC = YES;
				CLANG_WARN_BOOL_CONVERSION = YES;
				CLANG_WARN_CONSTANT_CONVERSION = YES;
				CLANG_WARN_DIRECT_OBJC_ISA_USAGE = YES_ERROR;
				CLANG_WARN_EMPTY_BODY = YES;
				CLANG_WARN_ENUM_CONVERSION = YES;
				CLANG_WARN_INT_CONVERSION = YES;
				CLANG_WARN_OBJC_ROOT_CLASS = YES_ERROR;
				CLANG_WARN_UNREACHABLE_CODE = YES;
				CLANG_WARN__DUPLICATE_METHOD_MATCH = YES;
				"CODE_SIGN_IDENTITY[sdk=iphoneos*]" = "iPhone Developer";
				COPY_PHASE_STRIP = NO;
				DEBUG_INFORMATION_FORMAT = dwarf;
				ENABLE_STRICT_OBJC_MSGSEND = YES;
				ENABLE_TESTABILITY = YES;
				GCC_C_LANGUAGE_STANDARD = gnu99;
				GCC_DYNAMIC_NO_PIC = NO;
				GCC_NO_COMMON_BLOCKS = YES;
				GCC_OPTIMIZATION_LEVEL = 0;
				GCC_PREPROCESSOR_DEFINITIONS = (
					"DEBUG=1",
					"$(inherited)",
				);
				GCC_WARN_64_TO_32_BIT_CONVERSION = YES;
				GCC_WARN_ABOUT_RETURN_TYPE = YES_ERROR;
				GCC_WARN_UNDECLARED_SELECTOR = YES;
				GCC_WARN_UNINITIALIZED_AUTOS = YES_AGGRESSIVE;
				GCC_WARN_UNUSED_FUNCTION = YES;
				GCC_WARN_UNUSED_VARIABLE = YES;
				IPHONEOS_DEPLOYMENT_TARGET = 9.3;
				MTL_ENABLE_DEBUG_INFO = YES;
				ONLY_ACTIVE_ARCH = YES;
				SDKROOT = iphoneos;
				SWIFT_OPTIMIZATION_LEVEL = "-Onone";
				TARGETED_DEVICE_FAMILY = "1,2";
			};
			name = Debug;
		};
		B6577D361D9AAC00003E1C50 /* Release */ = {
			isa = XCBuildConfiguration;
			buildSettings = {
				ALWAYS_SEARCH_USER_PATHS = NO;
				CLANG_ANALYZER_NONNULL = YES;
				CLANG_CXX_LANGUAGE_STANDARD = "gnu++0x";
				CLANG_CXX_LIBRARY = "libc++";
				CLANG_ENABLE_MODULES = YES;
				CLANG_ENABLE_OBJC_ARC = YES;
				CLANG_WARN_BOOL_CONVERSION = YES;
				CLANG_WARN_CONSTANT_CONVERSION = YES;
				CLANG_WARN_DIRECT_OBJC_ISA_USAGE = YES_ERROR;
				CLANG_WARN_EMPTY_BODY = YES;
				CLANG_WARN_ENUM_CONVERSION = YES;
				CLANG_WARN_INT_CONVERSION = YES;
				CLANG_WARN_OBJC_ROOT_CLASS = YES_ERROR;
				CLANG_WARN_UNREACHABLE_CODE = YES;
				CLANG_WARN__DUPLICATE_METHOD_MATCH = YES;
				"CODE_SIGN_IDENTITY[sdk=iphoneos*]" = "iPhone Developer";
				COPY_PHASE_STRIP = NO;
				DEBUG_INFORMATION_FORMAT = "dwarf-with-dsym";
				ENABLE_NS_ASSERTIONS = NO;
				ENABLE_STRICT_OBJC_MSGSEND = YES;
				GCC_C_LANGUAGE_STANDARD = gnu99;
				GCC_NO_COMMON_BLOCKS = YES;
				GCC_WARN_64_TO_32_BIT_CONVERSION = YES;
				GCC_WARN_ABOUT_RETURN_TYPE = YES_ERROR;
				GCC_WARN_UNDECLARED_SELECTOR = YES;
				GCC_WARN_UNINITIALIZED_AUTOS = YES_AGGRESSIVE;
				GCC_WARN_UNUSED_FUNCTION = YES;
				GCC_WARN_UNUSED_VARIABLE = YES;
				IPHONEOS_DEPLOYMENT_TARGET = 9.3;
				MTL_ENABLE_DEBUG_INFO = NO;
				SDKROOT = iphoneos;
				TARGETED_DEVICE_FAMILY = "1,2";
				VALIDATE_PRODUCT = YES;
			};
			name = Release;
		};
		B6577D381D9AAC00003E1C50 /* Debug */ = {
			isa = XCBuildConfiguration;
			buildSettings = {
				ASSETCATALOG_COMPILER_APPICON_NAME = AppIcon;
				INFOPLIST_FILE = "Project28-keychain/Info.plist";
				LD_RUNPATH_SEARCH_PATHS = "$(inherited) @executable_path/Frameworks";
				PRODUCT_BUNDLE_IDENTIFIER = "com.svhackingwithswift.Project28-keychain";
				PRODUCT_NAME = "$(TARGET_NAME)";
			};
			name = Debug;
		};
		B6577D391D9AAC00003E1C50 /* Release */ = {
			isa = XCBuildConfiguration;
			buildSettings = {
				ASSETCATALOG_COMPILER_APPICON_NAME = AppIcon;
				INFOPLIST_FILE = "Project28-keychain/Info.plist";
				LD_RUNPATH_SEARCH_PATHS = "$(inherited) @executable_path/Frameworks";
				PRODUCT_BUNDLE_IDENTIFIER = "com.svhackingwithswift.Project28-keychain";
				PRODUCT_NAME = "$(TARGET_NAME)";
			};
			name = Release;
		};
/* End XCBuildConfiguration section */

/* Begin XCConfigurationList section */
		B6577D201D9AAC00003E1C50 /* Build configuration list for PBXProject "Project28-keychain" */ = {
			isa = XCConfigurationList;
			buildConfigurations = (
				B6577D351D9AAC00003E1C50 /* Debug */,
				B6577D361D9AAC00003E1C50 /* Release */,
			);
			defaultConfigurationIsVisible = 0;
			defaultConfigurationName = Release;
		};
		B6577D371D9AAC00003E1C50 /* Build configuration list for PBXNativeTarget "Project28-keychain" */ = {
			isa = XCConfigurationList;
			buildConfigurations = (
				B6577D381D9AAC00003E1C50 /* Debug */,
				B6577D391D9AAC00003E1C50 /* Release */,
			);
			defaultConfigurationIsVisible = 0;
		};
/* End XCConfigurationList section */
	};
	rootObject = B6577D1D1D9AAC00003E1C50 /* Project object */;
}
